
Microsoft Visual Studio Solution File, Format Version 12.00
# Visual Studio Version 17
VisualStudioVersion = 17.6.33815.320
MinimumVisualStudioVersion = 10.0.40219.1
Project("{FAE04EC0-301F-11D3-BF4B-00C04F79EFBC}") = "ProductApi", "ProductApi\ProductApi.csproj", "{475E1F1D-C38A-460A-912A-C297EC4CF089}"
EndProject
Global
	GlobalSection(SolutionConfigurationPlatforms) = preSolution
		Debug|Any CPU = Debug|Any CPU
		Release|Any CPU = Release|Any CPU
	EndGlobalSection
	GlobalSection(ProjectConfigurationPlatforms) = postSolution
		{475E1F1D-C38A-460A-912A-C297EC4CF089}.Debug|Any CPU.ActiveCfg = Debug|Any CPU
		{475E1F1D-C38A-460A-912A-C297EC4CF089}.Debug|Any CPU.Build.0 = Debug|Any CPU
		{475E1F1D-C38A-460A-912A-C297EC4CF089}.Release|Any CPU.ActiveCfg = Release|Any CPU
		{475E1F1D-C38A-460A-912A-C297EC4CF089}.Release|Any CPU.Build.0 = Release|Any CPU
	EndGlobalSection
	GlobalSection(SolutionProperties) = preSolution
		HideSolutionNode = FALSE
	EndGlobalSection
	GlobalSection(ExtensibilityGlobals) = postSolution
		SolutionGuid = {A46AE237-8DEE-4FF9-9095-B5869A5C019B}
	EndGlobalSection
EndGlobal
